{
  "name": "calendarReminderSystem",
  "lockfileVersion": 3,
  "requires": true,
  "packages": {
    "": {
      "dependencies": {
        "@types/google-apps-script": "^1.0.72"
      }
    },
    "node_modules/@types/google-apps-script": {
      "version": "1.0.72",
      "resolved": "https://registry.npmjs.org/@types/google-apps-script/-/google-apps-script-1.0.72.tgz",
      "integrity": "sha512-StzlDdG6vCXddINzCLl8mNQccia+kAXJoxwzQudGqdDfDCqWCQs0bbG5y+Lr8L9fjvKE67ZPV5nTSbuKFbev0A=="
    }
  }
}
